
Microsoft Visual Studio Solution File, Format Version 12.00
# Visual Studio 2013
VisualStudioVersion = 12.0.31101.0
MinimumVisualStudioVersion = 10.0.40219.1
Project("{8BC9CEB8-8B4A-11D0-8D11-00A0C91BC942}") = "Venus", "Venus.vcxproj", "{B17A998D-9058-4509-9965-2818EF2E8449}"
EndProject
Project("{8BC9CEB8-8B4A-11D0-8D11-00A0C91BC942}") = "Venus-TESTPROJECT", "..\..\..\..\Documents\Arduino\Venus-TESTPROJECT\Venus-TESTPROJECT.vcxproj", "{A95780DC-AE12-4B8F-AB79-2ADA5E16D5CA}"
EndProject
Global
	GlobalSection(SolutionConfigurationPlatforms) = preSolution
		Debug|Win32 = Debug|Win32
		Release|Win32 = Release|Win32
	EndGlobalSection
	GlobalSection(ProjectConfigurationPlatforms) = postSolution
		{B17A998D-9058-4509-9965-2818EF2E8449}.Debug|Win32.ActiveCfg = Debug|Win32
		{B17A998D-9058-4509-9965-2818EF2E8449}.Debug|Win32.Build.0 = Debug|Win32
		{B17A998D-9058-4509-9965-2818EF2E8449}.Release|Win32.ActiveCfg = Release|Win32
		{B17A998D-9058-4509-9965-2818EF2E8449}.Release|Win32.Build.0 = Release|Win32
		{A95780DC-AE12-4B8F-AB79-2ADA5E16D5CA}.Debug|Win32.ActiveCfg = Debug|Win32
		{A95780DC-AE12-4B8F-AB79-2ADA5E16D5CA}.Debug|Win32.Build.0 = Debug|Win32
		{A95780DC-AE12-4B8F-AB79-2ADA5E16D5CA}.Release|Win32.ActiveCfg = Release|Win32
		{A95780DC-AE12-4B8F-AB79-2ADA5E16D5CA}.Release|Win32.Build.0 = Release|Win32
	EndGlobalSection
	GlobalSection(SolutionProperties) = preSolution
		HideSolutionNode = FALSE
	EndGlobalSection
EndGlobal
